<?xml version="1.0" encoding="UTF-8"?>
<Scheme
   LastUpgradeVersion = "0730"
   version = "1.3">
   <BuildAction
      parallelizeBuildables = "YES"
      buildImplicitDependencies = "YES">
   </BuildAction>
   <TestAction
      buildConfiguration = "Debug"
      selectedDebuggerIdentifier = "Xcode.DebuggerFoundation.Debugger.LLDB"
      selectedLauncherIdentifier = "Xcode.DebuggerFoundation.Launcher.LLDB"
      shouldUseLaunchSchemeArgsEnv = "NO">
      <Testables>
         <TestableReference
            skipped = "NO">
            <BuildableReference
               BuildableIdentifier = "primary"
               BlueprintIdentifier = "FD5470F01BBDECBB000661FD"
               BuildableName = "EarlGreyFunctionalTests.xctest"
               BlueprintName = "EarlGreyFunctionalTests"
               ReferencedContainer = "container:FunctionalTests.xcodeproj">
            </BuildableReference>
            <SkippedTests>
               <Test
                  Identifier = "FTRActionSheetTest">
               </Test>
               <Test
                  Identifier = "FTRActivityIndicatorViewTest">
               </Test>
               <Test
                  Identifier = "FTRAlertViewTest">
               </Test>
               <Test
                  Identifier = "FTRAnalyticsNoEarlGreyUsageTest">
               </Test>
               <Test
                  Identifier = "FTRAnalyticsPostSuperTearDownOptOutTest">
               </Test>
               <Test
                  Identifier = "FTRAnalyticsTearDownOptOutTest">
               </Test>
               <Test
                  Identifier = "FTRAnalyticsTest">
               </Test>
               <Test
                  Identifier = "FTRAnalyticsTestCaseSetupOptOutTest">
               </Test>
               <Test
                  Identifier = "FTRAnalyticsTestHarnessTest">
               </Test>
               <Test
                  Identifier = "FTRAnalyticsTestMethodOptOutTest">
               </Test>
               <Test
                  Identifier = "FTRAnalyticsTestSuiteSetupOptOutTest">
               </Test>
               <Test
                  Identifier = "FTRAnimationsTest">
               </Test>
               <Test
                  Identifier = "FTRBaseAnalyticsTest">
               </Test>
               <Test
                  Identifier = "FTRBaseIntegrationTest">
               </Test>
               <Test
                  Identifier = "FTRBasicInteractionTest">
               </Test>
               <Test
                  Identifier = "FTRCollectionViewTest">
               </Test>
               <Test
                  Identifier = "FTRErrorAPITest">
               </Test>
               <Test
                  Identifier = "FTRGeometryTest">
               </Test>
               <Test
                  Identifier = "FTRGestureTest">
               </Test>
               <Test
                  Identifier = "FTRKeyboardKeysTest">
               </Test>
               <Test
                  Identifier = "FTRLocalUIWebViewTest">
               </Test>
               <Test
                  Identifier = "FTRMatcherTest">
               </Test>
               <Test
                  Identifier = "FTRMultiFingerSwipeTest">
               </Test>
               <Test
                  Identifier = "FTRNetworkTest">
               </Test>
               <Test
                  Identifier = "FTROrientationChangeTest">
               </Test>
               <Test
                  Identifier = "FTROrientationPortraitOnlyChangeTest">
               </Test>
               <Test
                  Identifier = "FTRPickerViewInteractionTest">
               </Test>
               <Test
                  Identifier = "FTRPinchViewTest">
               </Test>
               <Test
                  Identifier = "FTRPresentedViewTest">
               </Test>
               <Test
                  Identifier = "FTRScreenshotTest">
               </Test>
               <Test
                  Identifier = "FTRScrollViewTest">
               </Test>
               <Test
                  Identifier = "FTRSlideTest">
               </Test>
               <Test
                  Identifier = "FTRSyncAPITest">
               </Test>
               <Test
                  Identifier = "FTRUITableViewTest">
               </Test>
               <Test
                  Identifier = "FTRUIWebViewTest">
               </Test>
               <Test
                  Identifier = "FTRVisibilityTest">
               </Test>
            </SkippedTests>
         </TestableReference>
      </Testables>
      <EnvironmentVariables>
         <EnvironmentVariable
            key = "DYLD_INSERT_LIBRARIES"
            value = "@executable_path/EarlGrey.framework/EarlGrey"
            isEnabled = "YES">
         </EnvironmentVariable>
      </EnvironmentVariables>
      <AdditionalOptions>
      </AdditionalOptions>
   </TestAction>
   <LaunchAction
      buildConfiguration = "Debug"
      selectedDebuggerIdentifier = "Xcode.DebuggerFoundation.Debugger.LLDB"
      selectedLauncherIdentifier = "Xcode.DebuggerFoundation.Launcher.LLDB"
      launchStyle = "0"
      useCustomWorkingDirectory = "NO"
      ignoresPersistentStateOnLaunch = "NO"
      debugDocumentVersioning = "YES"
      debugServiceExtension = "internal"
      allowLocationSimulation = "YES">
      <AdditionalOptions>
      </AdditionalOptions>
   </LaunchAction>
   <ProfileAction
      buildConfiguration = "Release"
      shouldUseLaunchSchemeArgsEnv = "YES"
      savedToolIdentifier = ""
      useCustomWorkingDirectory = "NO"
      debugDocumentVersioning = "YES">
   </ProfileAction>
   <AnalyzeAction
      buildConfiguration = "Debug">
   </AnalyzeAction>
   <ArchiveAction
      buildConfiguration = "Release"
      revealArchiveInOrganizer = "YES">
   </ArchiveAction>
</Scheme>
